
Microsoft Visual Studio Solution File, Format Version 12.00
Project("{2150E333-8FDC-42A3-9474-1A3956D46DE8}") = "src", "src", "{827E0CD3-B72D-47B6-A68D-7590B98EB39B}"
EndProject
Project("{FAE04EC0-301F-11D3-BF4B-00C04F79EFBC}") = "SwissTechTrainer.Domain", "src\SwissTechTrainer.Domain\SwissTechTrainer.Domain.csproj", "{2036DE23-5EB7-40AA-83B3-EA7EA04E6F42}"
EndProject
Project("{FAE04EC0-301F-11D3-BF4B-00C04F79EFBC}") = "SwissTechTrainer.Application", "src\SwissTechTrainer.Application\SwissTechTrainer.Application.csproj", "{FC81D572-4D16-45B4-8409-AABE463A8EC7}"
EndProject
Project("{FAE04EC0-301F-11D3-BF4B-00C04F79EFBC}") = "SwissTechTrainer.Infrastructure", "src\SwissTechTrainer.Infrastructure\SwissTechTrainer.Infrastructure.csproj", "{884BC292-6801-4367-931E-2152C45614EF}"
EndProject
Project("{FAE04EC0-301F-11D3-BF4B-00C04F79EFBC}") = "SwissTechTrainer.Web", "src\SwissTechTrainer.Web\SwissTechTrainer.Web.csproj", "{E09437AD-C53A-4968-8471-FCC116290C64}"
EndProject
Project("{2150E333-8FDC-42A3-9474-1A3956D46DE8}") = "tests", "tests", "{0AB3BF05-4346-4AA6-1389-037BE0695223}"
EndProject
Project("{FAE04EC0-301F-11D3-BF4B-00C04F79EFBC}") = "SwissTechTrainer.Domain.Tests", "tests\SwissTechTrainer.Domain.Tests\SwissTechTrainer.Domain.Tests.csproj", "{82510325-A980-41B8-884C-9FABF98A92C9}"
EndProject
Project("{FAE04EC0-301F-11D3-BF4B-00C04F79EFBC}") = "SwissTechTrainer.Application.Tests", "tests\SwissTechTrainer.Application.Tests\SwissTechTrainer.Application.Tests.csproj", "{B189469B-F8A6-4862-BE15-A21B7A31F8E2}"
EndProject
Project("{FAE04EC0-301F-11D3-BF4B-00C04F79EFBC}") = "SwissTechTrainer.Infrastructure.Tests", "tests\SwissTechTrainer.Infrastructure.Tests\SwissTechTrainer.Infrastructure.Tests.csproj", "{BBE6BCDB-72CA-4775-BC4F-4089163CAD6A}"
EndProject
Project("{FAE04EC0-301F-11D3-BF4B-00C04F79EFBC}") = "SwissTechTrainer.IntegrationTests", "tests\SwissTechTrainer.IntegrationTests\SwissTechTrainer.IntegrationTests.csproj", "{4BA9237A-2BA0-46B9-986B-F2619A0F8E80}"
EndProject
Global
	GlobalSection(SolutionConfigurationPlatforms) = preSolution
		Debug|Any CPU = Debug|Any CPU
		Debug|x64 = Debug|x64
		Debug|x86 = Debug|x86
		Release|Any CPU = Release|Any CPU
		Release|x64 = Release|x64
		Release|x86 = Release|x86
	EndGlobalSection
	GlobalSection(ProjectConfigurationPlatforms) = postSolution
		{2036DE23-5EB7-40AA-83B3-EA7EA04E6F42}.Debug|Any CPU.ActiveCfg = Debug|Any CPU
		{2036DE23-5EB7-40AA-83B3-EA7EA04E6F42}.Debug|Any CPU.Build.0 = Debug|Any CPU
		{2036DE23-5EB7-40AA-83B3-EA7EA04E6F42}.Debug|x64.ActiveCfg = Debug|Any CPU
		{2036DE23-5EB7-40AA-83B3-EA7EA04E6F42}.Debug|x64.Build.0 = Debug|Any CPU
		{2036DE23-5EB7-40AA-83B3-EA7EA04E6F42}.Debug|x86.ActiveCfg = Debug|Any CPU
		{2036DE23-5EB7-40AA-83B3-EA7EA04E6F42}.Debug|x86.Build.0 = Debug|Any CPU
		{2036DE23-5EB7-40AA-83B3-EA7EA04E6F42}.Release|Any CPU.ActiveCfg = Release|Any CPU
		{2036DE23-5EB7-40AA-83B3-EA7EA04E6F42}.Release|Any CPU.Build.0 = Release|Any CPU
		{2036DE23-5EB7-40AA-83B3-EA7EA04E6F42}.Release|x64.ActiveCfg = Release|Any CPU
		{2036DE23-5EB7-40AA-83B3-EA7EA04E6F42}.Release|x64.Build.0 = Release|Any CPU
		{2036DE23-5EB7-40AA-83B3-EA7EA04E6F42}.Release|x86.ActiveCfg = Release|Any CPU
		{2036DE23-5EB7-40AA-83B3-EA7EA04E6F42}.Release|x86.Build.0 = Release|Any CPU
		{FC81D572-4D16-45B4-8409-AABE463A8EC7}.Debug|Any CPU.ActiveCfg = Debug|Any CPU
		{FC81D572-4D16-45B4-8409-AABE463A8EC7}.Debug|Any CPU.Build.0 = Debug|Any CPU
		{FC81D572-4D16-45B4-8409-AABE463A8EC7}.Debug|x64.ActiveCfg = Debug|Any CPU
		{FC81D572-4D16-45B4-8409-AABE463A8EC7}.Debug|x64.Build.0 = Debug|Any CPU
		{FC81D572-4D16-45B4-8409-AABE463A8EC7}.Debug|x86.ActiveCfg = Debug|Any CPU
		{FC81D572-4D16-45B4-8409-AABE463A8EC7}.Debug|x86.Build.0 = Debug|Any CPU
		{FC81D572-4D16-45B4-8409-AABE463A8EC7}.Release|Any CPU.ActiveCfg = Release|Any CPU
		{FC81D572-4D16-45B4-8409-AABE463A8EC7}.Release|Any CPU.Build.0 = Release|Any CPU
		{FC81D572-4D16-45B4-8409-AABE463A8EC7}.Release|x64.ActiveCfg = Release|Any CPU
		{FC81D572-4D16-45B4-8409-AABE463A8EC7}.Release|x64.Build.0 = Release|Any CPU
		{FC81D572-4D16-45B4-8409-AABE463A8EC7}.Release|x86.ActiveCfg = Release|Any CPU
		{FC81D572-4D16-45B4-8409-AABE463A8EC7}.Release|x86.Build.0 = Release|Any CPU
		{884BC292-6801-4367-931E-2152C45614EF}.Debug|Any CPU.ActiveCfg = Debug|Any CPU
		{884BC292-6801-4367-931E-2152C45614EF}.Debug|Any CPU.Build.0 = Debug|Any CPU
		{884BC292-6801-4367-931E-2152C45614EF}.Debug|x64.ActiveCfg = Debug|Any CPU
		{884BC292-6801-4367-931E-2152C45614EF}.Debug|x64.Build.0 = Debug|Any CPU
		{884BC292-6801-4367-931E-2152C45614EF}.Debug|x86.ActiveCfg = Debug|Any CPU
		{884BC292-6801-4367-931E-2152C45614EF}.Debug|x86.Build.0 = Debug|Any CPU
		{884BC292-6801-4367-931E-2152C45614EF}.Release|Any CPU.ActiveCfg = Release|Any CPU
		{884BC292-6801-4367-931E-2152C45614EF}.Release|Any CPU.Build.0 = Release|Any CPU
		{884BC292-6801-4367-931E-2152C45614EF}.Release|x64.ActiveCfg = Release|Any CPU
		{884BC292-6801-4367-931E-2152C45614EF}.Release|x64.Build.0 = Release|Any CPU
		{884BC292-6801-4367-931E-2152C45614EF}.Release|x86.ActiveCfg = Release|Any CPU
		{884BC292-6801-4367-931E-2152C45614EF}.Release|x86.Build.0 = Release|Any CPU
		{E09437AD-C53A-4968-8471-FCC116290C64}.Debug|Any CPU.ActiveCfg = Debug|Any CPU
		{E09437AD-C53A-4968-8471-FCC116290C64}.Debug|Any CPU.Build.0 = Debug|Any CPU
		{E09437AD-C53A-4968-8471-FCC116290C64}.Debug|x64.ActiveCfg = Debug|Any CPU
		{E09437AD-C53A-4968-8471-FCC116290C64}.Debug|x64.Build.0 = Debug|Any CPU
		{E09437AD-C53A-4968-8471-FCC116290C64}.Debug|x86.ActiveCfg = Debug|Any CPU
		{E09437AD-C53A-4968-8471-FCC116290C64}.Debug|x86.Build.0 = Debug|Any CPU
		{E09437AD-C53A-4968-8471-FCC116290C64}.Release|Any CPU.ActiveCfg = Release|Any CPU
		{E09437AD-C53A-4968-8471-FCC116290C64}.Release|Any CPU.Build.0 = Release|Any CPU
		{E09437AD-C53A-4968-8471-FCC116290C64}.Release|x64.ActiveCfg = Release|Any CPU
		{E09437AD-C53A-4968-8471-FCC116290C64}.Release|x64.Build.0 = Release|Any CPU
		{E09437AD-C53A-4968-8471-FCC116290C64}.Release|x86.ActiveCfg = Release|Any CPU
		{E09437AD-C53A-4968-8471-FCC116290C64}.Release|x86.Build.0 = Release|Any CPU
		{82510325-A980-41B8-884C-9FABF98A92C9}.Debug|Any CPU.ActiveCfg = Debug|Any CPU
		{82510325-A980-41B8-884C-9FABF98A92C9}.Debug|Any CPU.Build.0 = Debug|Any CPU
		{82510325-A980-41B8-884C-9FABF98A92C9}.Debug|x64.ActiveCfg = Debug|Any CPU
		{82510325-A980-41B8-884C-9FABF98A92C9}.Debug|x64.Build.0 = Debug|Any CPU
		{82510325-A980-41B8-884C-9FABF98A92C9}.Debug|x86.ActiveCfg = Debug|Any CPU
		{82510325-A980-41B8-884C-9FABF98A92C9}.Debug|x86.Build.0 = Debug|Any CPU
		{82510325-A980-41B8-884C-9FABF98A92C9}.Release|Any CPU.ActiveCfg = Release|Any CPU
		{82510325-A980-41B8-884C-9FABF98A92C9}.Release|Any CPU.Build.0 = Release|Any CPU
		{82510325-A980-41B8-884C-9FABF98A92C9}.Release|x64.ActiveCfg = Release|Any CPU
		{82510325-A980-41B8-884C-9FABF98A92C9}.Release|x64.Build.0 = Release|Any CPU
		{82510325-A980-41B8-884C-9FABF98A92C9}.Release|x86.ActiveCfg = Release|Any CPU
		{82510325-A980-41B8-884C-9FABF98A92C9}.Release|x86.Build.0 = Release|Any CPU
		{B189469B-F8A6-4862-BE15-A21B7A31F8E2}.Debug|Any CPU.ActiveCfg = Debug|Any CPU
		{B189469B-F8A6-4862-BE15-A21B7A31F8E2}.Debug|Any CPU.Build.0 = Debug|Any CPU
		{B189469B-F8A6-4862-BE15-A21B7A31F8E2}.Debug|x64.ActiveCfg = Debug|Any CPU
		{B189469B-F8A6-4862-BE15-A21B7A31F8E2}.Debug|x64.Build.0 = Debug|Any CPU
		{B189469B-F8A6-4862-BE15-A21B7A31F8E2}.Debug|x86.ActiveCfg = Debug|Any CPU
		{B189469B-F8A6-4862-BE15-A21B7A31F8E2}.Debug|x86.Build.0 = Debug|Any CPU
		{B189469B-F8A6-4862-BE15-A21B7A31F8E2}.Release|Any CPU.ActiveCfg = Release|Any CPU
		{B189469B-F8A6-4862-BE15-A21B7A31F8E2}.Release|Any CPU.Build.0 = Release|Any CPU
		{B189469B-F8A6-4862-BE15-A21B7A31F8E2}.Release|x64.ActiveCfg = Release|Any CPU
		{B189469B-F8A6-4862-BE15-A21B7A31F8E2}.Release|x64.Build.0 = Release|Any CPU
		{B189469B-F8A6-4862-BE15-A21B7A31F8E2}.Release|x86.ActiveCfg = Release|Any CPU
		{B189469B-F8A6-4862-BE15-A21B7A31F8E2}.Release|x86.Build.0 = Release|Any CPU
		{BBE6BCDB-72CA-4775-BC4F-4089163CAD6A}.Debug|Any CPU.ActiveCfg = Debug|Any CPU
		{BBE6BCDB-72CA-4775-BC4F-4089163CAD6A}.Debug|Any CPU.Build.0 = Debug|Any CPU
		{BBE6BCDB-72CA-4775-BC4F-4089163CAD6A}.Debug|x64.ActiveCfg = Debug|Any CPU
		{BBE6BCDB-72CA-4775-BC4F-4089163CAD6A}.Debug|x64.Build.0 = Debug|Any CPU
		{BBE6BCDB-72CA-4775-BC4F-4089163CAD6A}.Debug|x86.ActiveCfg = Debug|Any CPU
		{BBE6BCDB-72CA-4775-BC4F-4089163CAD6A}.Debug|x86.Build.0 = Debug|Any CPU
		{BBE6BCDB-72CA-4775-BC4F-4089163CAD6A}.Release|Any CPU.ActiveCfg = Release|Any CPU
		{BBE6BCDB-72CA-4775-BC4F-4089163CAD6A}.Release|Any CPU.Build.0 = Release|Any CPU
		{BBE6BCDB-72CA-4775-BC4F-4089163CAD6A}.Release|x64.ActiveCfg = Release|Any CPU
		{BBE6BCDB-72CA-4775-BC4F-4089163CAD6A}.Release|x64.Build.0 = Release|Any CPU
		{BBE6BCDB-72CA-4775-BC4F-4089163CAD6A}.Release|x86.ActiveCfg = Release|Any CPU
		{BBE6BCDB-72CA-4775-BC4F-4089163CAD6A}.Release|x86.Build.0 = Release|Any CPU
		{4BA9237A-2BA0-46B9-986B-F2619A0F8E80}.Debug|Any CPU.ActiveCfg = Debug|Any CPU
		{4BA9237A-2BA0-46B9-986B-F2619A0F8E80}.Debug|Any CPU.Build.0 = Debug|Any CPU
		{4BA9237A-2BA0-46B9-986B-F2619A0F8E80}.Debug|x64.ActiveCfg = Debug|Any CPU
		{4BA9237A-2BA0-46B9-986B-F2619A0F8E80}.Debug|x64.Build.0 = Debug|Any CPU
		{4BA9237A-2BA0-46B9-986B-F2619A0F8E80}.Debug|x86.ActiveCfg = Debug|Any CPU
		{4BA9237A-2BA0-46B9-986B-F2619A0F8E80}.Debug|x86.Build.0 = Debug|Any CPU
		{4BA9237A-2BA0-46B9-986B-F2619A0F8E80}.Release|Any CPU.ActiveCfg = Release|Any CPU
		{4BA9237A-2BA0-46B9-986B-F2619A0F8E80}.Release|Any CPU.Build.0 = Release|Any CPU
		{4BA9237A-2BA0-46B9-986B-F2619A0F8E80}.Release|x64.ActiveCfg = Release|Any CPU
		{4BA9237A-2BA0-46B9-986B-F2619A0F8E80}.Release|x64.Build.0 = Release|Any CPU
		{4BA9237A-2BA0-46B9-986B-F2619A0F8E80}.Release|x86.ActiveCfg = Release|Any CPU
		{4BA9237A-2BA0-46B9-986B-F2619A0F8E80}.Release|x86.Build.0 = Release|Any CPU
	EndGlobalSection
	GlobalSection(SolutionProperties) = preSolution
		HideSolutionNode = FALSE
	EndGlobalSection
	GlobalSection(NestedProjects) = preSolution
		{2036DE23-5EB7-40AA-83B3-EA7EA04E6F42} = {827E0CD3-B72D-47B6-A68D-7590B98EB39B}
		{FC81D572-4D16-45B4-8409-AABE463A8EC7} = {827E0CD3-B72D-47B6-A68D-7590B98EB39B}
		{884BC292-6801-4367-931E-2152C45614EF} = {827E0CD3-B72D-47B6-A68D-7590B98EB39B}
		{E09437AD-C53A-4968-8471-FCC116290C64} = {827E0CD3-B72D-47B6-A68D-7590B98EB39B}
		{82510325-A980-41B8-884C-9FABF98A92C9} = {0AB3BF05-4346-4AA6-1389-037BE0695223}
		{B189469B-F8A6-4862-BE15-A21B7A31F8E2} = {0AB3BF05-4346-4AA6-1389-037BE0695223}
		{BBE6BCDB-72CA-4775-BC4F-4089163CAD6A} = {0AB3BF05-4346-4AA6-1389-037BE0695223}
		{4BA9237A-2BA0-46B9-986B-F2619A0F8E80} = {0AB3BF05-4346-4AA6-1389-037BE0695223}
	EndGlobalSection
EndGlobal
